{
  "name": "captchapng",
  "version": "0.0.1",
  "lockfileVersion": 3,
  "requires": true,
  "packages": {
    "": {
      "name": "captchapng",
      "version": "0.0.1",
      "license": "BSD",
      "dependencies": {
        "pnglib": ""
      }
    },
    "node_modules/pnglib": {
      "version": "0.0.1",
      "resolved": "https://registry.npmmirror.com/pnglib/-/pnglib-0.0.1.tgz",
      "integrity": "sha512-95ChzOoYLOPIyVmL+Y6X+abKGXUJlvOVLkB1QQkyXl7Uczc6FElUy/x01NS7r2GX6GRezloO/ecCX9h4U9KadA=="
    }
  }
}
